
Microsoft Visual Studio Solution File, Format Version 12.00
# Visual Studio Version 16
VisualStudioVersion = 16.0.32929.386
MinimumVisualStudioVersion = 10.0.40219.1
Project("{FAE04EC0-301F-11D3-BF4B-00C04F79EFBC}") = "bruhsplit", "bruhsplit.csproj", "{5432936F-BDA3-4738-B571-FDBAD80E363A}"
EndProject
Project("{2150E333-8FDC-42A3-9474-1A3956D46DE8}") = "Solution Items", "Solution Items", "{7E3DA734-958D-43F3-B924-373440D103D1}"
	ProjectSection(SolutionItems) = preProject
		.editorconfig = .editorconfig
	EndProjectSection
EndProject
Global
	GlobalSection(SolutionConfigurationPlatforms) = preSolution
		Debug|Any CPU = Debug|Any CPU
		Release|Any CPU = Release|Any CPU
	EndGlobalSection
	GlobalSection(ProjectConfigurationPlatforms) = postSolution
		{5432936F-BDA3-4738-B571-FDBAD80E363A}.Debug|Any CPU.ActiveCfg = Debug|Any CPU
		{5432936F-BDA3-4738-B571-FDBAD80E363A}.Debug|Any CPU.Build.0 = Debug|Any CPU
		{5432936F-BDA3-4738-B571-FDBAD80E363A}.Release|Any CPU.ActiveCfg = Release|Any CPU
		{5432936F-BDA3-4738-B571-FDBAD80E363A}.Release|Any CPU.Build.0 = Release|Any CPU
	EndGlobalSection
	GlobalSection(SolutionProperties) = preSolution
		HideSolutionNode = FALSE
	EndGlobalSection
	GlobalSection(ExtensibilityGlobals) = postSolution
		SolutionGuid = {784CED14-96BF-4C43-BC07-7E6A2B2E9752}
	EndGlobalSection
EndGlobal
